// !$*UTF8*$!
{
	archiveVersion = 1;
	classes = {
	};
	objectVersion = 56;
	objects = {

/* Begin PBXBuildFile section */
		313E84C228F66B8300BA0C37 /* itAlpha.cpp in Sources */ = {isa = PBXBuildFile; fileRef = 313E84C028F66B8300BA0C37 /* itAlpha.cpp */; };
		313E84C628F6715500BA0C37 /* CVProcess.mm in Sources */ = {isa = PBXBuildFile; fileRef = 313E84C528F6715400BA0C37 /* CVProcess.mm */; };
		3159617F28F570B500F115A9 /* AppDelegate.swift in Sources */ = {isa = PBXBuildFile; fileRef = 3159617E28F570B500F115A9 /* AppDelegate.swift */; };
		3159618128F570B500F115A9 /* SceneDelegate.swift in Sources */ = {isa = PBXBuildFile; fileRef = 3159618028F570B500F115A9 /* SceneDelegate.swift */; };
		3159618328F570B500F115A9 /* ViewController.swift in Sources */ = {isa = PBXBuildFile; fileRef = 3159618228F570B500F115A9 /* ViewController.swift */; };
		3159618628F570B500F115A9 /* Main.storyboard in Resources */ = {isa = PBXBuildFile; fileRef = 3159618428F570B500F115A9 /* Main.storyboard */; };
		3159618828F570BC00F115A9 /* Assets.xcassets in Resources */ = {isa = PBXBuildFile; fileRef = 3159618728F570BC00F115A9 /* Assets.xcassets */; };
		3159618B28F570BC00F115A9 /* LaunchScreen.storyboard in Resources */ = {isa = PBXBuildFile; fileRef = 3159618928F570BC00F115A9 /* LaunchScreen.storyboard */; };
		CA4E508B337CE86B316910ED /* Pods_Study_openCV.framework in Frameworks */ = {isa = PBXBuildFile; fileRef = 902D87CFC3959EF113B7E4F0 /* Pods_Study_openCV.framework */; };
/* End PBXBuildFile section */

/* Begin PBXFileReference section */
		313E84BF28F66B8200BA0C37 /* Study_openCV-Bridging-Header.h */ = {isa = PBXFileReference; lastKnownFileType = sourcecode.c.h; path = "Study_openCV-Bridging-Header.h"; sourceTree = "<group>"; };
		313E84C028F66B8300BA0C37 /* itAlpha.cpp */ = {isa = PBXFileReference; lastKnownFileType = sourcecode.cpp.cpp; path = itAlpha.cpp; sourceTree = "<group>"; };
		313E84C128F66B8300BA0C37 /* itAlpha.hpp */ = {isa = PBXFileReference; lastKnownFileType = sourcecode.cpp.h; path = itAlpha.hpp; sourceTree = "<group>"; };
		313E84C428F6715400BA0C37 /* CVProcess.h */ = {isa = PBXFileReference; lastKnownFileType = sourcecode.c.h; path = CVProcess.h; sourceTree = "<group>"; };
		313E84C528F6715400BA0C37 /* CVProcess.mm */ = {isa = PBXFileReference; lastKnownFileType = sourcecode.cpp.objcpp; path = CVProcess.mm; sourceTree = "<group>"; };
		3159617B28F570B500F115A9 /* Study_openCV.app */ = {isa = PBXFileReference; explicitFileType = wrapper.application; includeInIndex = 0; path = Study_openCV.app; sourceTree = BUILT_PRODUCTS_DIR; };
		3159617E28F570B500F115A9 /* AppDelegate.swift */ = {isa = PBXFileReference; lastKnownFileType = sourcecode.swift; path = AppDelegate.swift; sourceTree = "<group>"; };
		3159618028F570B500F115A9 /* SceneDelegate.swift */ = {isa = PBXFileReference; lastKnownFileType = sourcecode.swift; path = SceneDelegate.swift; sourceTree = "<group>"; };
		3159618228F570B500F115A9 /* ViewController.swift */ = {isa = PBXFileReference; lastKnownFileType = sourcecode.swift; path = ViewController.swift; sourceTree = "<group>"; };
		3159618528F570B500F115A9 /* Base */ = {isa = PBXFileReference; lastKnownFileType = file.storyboard; name = Base; path = Base.lproj/Main.storyboard; sourceTree = "<group>"; };
		3159618728F570BC00F115A9 /* Assets.xcassets */ = {isa = PBXFileReference; lastKnownFileType = folder.assetcatalog; path = Assets.xcassets; sourceTree = "<group>"; };
		3159618A28F570BC00F115A9 /* Base */ = {isa = PBXFileReference; lastKnownFileType = file.storyboard; name = Base; path = Base.lproj/LaunchScreen.storyboard; sourceTree = "<group>"; };
		3159618C28F570BC00F115A9 /* Info.plist */ = {isa = PBXFileReference; lastKnownFileType = text.plist.xml; path = Info.plist; sourceTree = "<group>"; };
		902D87CFC3959EF113B7E4F0 /* Pods_Study_openCV.framework */ = {isa = PBXFileReference; explicitFileType = wrapper.framework; includeInIndex = 0; path = Pods_Study_openCV.framework; sourceTree = BUILT_PRODUCTS_DIR; };
		AC0E7342FCB5CC1863D29AD7 /* Pods-Study_openCV.debug.xcconfig */ = {isa = PBXFileReference; includeInIndex = 1; lastKnownFileType = text.xcconfig; name = "Pods-Study_openCV.debug.xcconfig"; path = "Target Support Files/Pods-Study_openCV/Pods-Study_openCV.debug.xcconfig"; sourceTree = "<group>"; };
		E65DB5842DB79F05259A462D /* Pods-Study_openCV.release.xcconfig */ = {isa = PBXFileReference; includeInIndex = 1; lastKnownFileType = text.xcconfig; name = "Pods-Study_openCV.release.xcconfig"; path = "Target Support Files/Pods-Study_openCV/Pods-Study_openCV.release.xcconfig"; sourceTree = "<group>"; };
/* End PBXFileReference section */

/* Begin PBXFrameworksBuildPhase section */
		3159617828F570B500F115A9 /* Frameworks */ = {
			isa = PBXFrameworksBuildPhase;
			buildActionMask = 2147483647;
			files = (
				CA4E508B337CE86B316910ED /* Pods_Study_openCV.framework in Frameworks */,
			);
			runOnlyForDeploymentPostprocessing = 0;
		};
/* End PBXFrameworksBuildPhase section */

/* Begin PBXGroup section */
		313E84BE28F66AA300BA0C37 /* OpenCVUtil */ = {
			isa = PBXGroup;
			children = (
				313E84C028F66B8300BA0C37 /* itAlpha.cpp */,
				313E84C128F66B8300BA0C37 /* itAlpha.hpp */,
				313E84C428F6715400BA0C37 /* CVProcess.h */,
				313E84C528F6715400BA0C37 /* CVProcess.mm */,
			);
			path = OpenCVUtil;
			sourceTree = "<group>";
		};
		313E84C328F66BDE00BA0C37 /* SportingFiles */ = {
			isa = PBXGroup;
			children = (
				3159618728F570BC00F115A9 /* Assets.xcassets */,
				3159618928F570BC00F115A9 /* LaunchScreen.storyboard */,
				313E84BF28F66B8200BA0C37 /* Study_openCV-Bridging-Header.h */,
			);
			path = SportingFiles;
			sourceTree = "<group>";
		};
		3159617228F570B400F115A9 = {
			isa = PBXGroup;
			children = (
				3159617D28F570B500F115A9 /* Study_openCV */,
				3159617C28F570B500F115A9 /* Products */,
				DC2CA62A223AD038061B73B8 /* Pods */,
				8AF0A72E523D5FE316F86753 /* Frameworks */,
			);
			sourceTree = "<group>";
		};
		3159617C28F570B500F115A9 /* Products */ = {
			isa = PBXGroup;
			children = (
				3159617B28F570B500F115A9 /* Study_openCV.app */,
			);
			name = Products;
			sourceTree = "<group>";
		};
		3159617D28F570B500F115A9 /* Study_openCV */ = {
			isa = PBXGroup;
			children = (
				313E84C328F66BDE00BA0C37 /* SportingFiles */,
				313E84BE28F66AA300BA0C37 /* OpenCVUtil */,
				3159617E28F570B500F115A9 /* AppDelegate.swift */,
				3159618028F570B500F115A9 /* SceneDelegate.swift */,
				3159618228F570B500F115A9 /* ViewController.swift */,
				3159618428F570B500F115A9 /* Main.storyboard */,
				3159618C28F570BC00F115A9 /* Info.plist */,
			);
			path = Study_openCV;
			sourceTree = "<group>";
		};
		8AF0A72E523D5FE316F86753 /* Frameworks */ = {
			isa = PBXGroup;
			children = (
				902D87CFC3959EF113B7E4F0 /* Pods_Study_openCV.framework */,
			);
			name = Frameworks;
			sourceTree = "<group>";
		};
		DC2CA62A223AD038061B73B8 /* Pods */ = {
			isa = PBXGroup;
			children = (
				AC0E7342FCB5CC1863D29AD7 /* Pods-Study_openCV.debug.xcconfig */,
				E65DB5842DB79F05259A462D /* Pods-Study_openCV.release.xcconfig */,
			);
			path = Pods;
			sourceTree = "<group>";
		};
/* End PBXGroup section */

/* Begin PBXNativeTarget section */
		3159617A28F570B500F115A9 /* Study_openCV */ = {
			isa = PBXNativeTarget;
			buildConfigurationList = 3159618F28F570BC00F115A9 /* Build configuration list for PBXNativeTarget "Study_openCV" */;
			buildPhases = (
				759F95E4AF543CBE238D7EA5 /* [CP] Check Pods Manifest.lock */,
				3159617728F570B500F115A9 /* Sources */,
				3159617828F570B500F115A9 /* Frameworks */,
				3159617928F570B500F115A9 /* Resources */,
			);
			buildRules = (
			);
			dependencies = (
			);
			name = Study_openCV;
			productName = Study_openCV;
			productReference = 3159617B28F570B500F115A9 /* Study_openCV.app */;
			productType = "com.apple.product-type.application";
		};
/* End PBXNativeTarget section */

/* Begin PBXProject section */
		3159617328F570B400F115A9 /* Project object */ = {
			isa = PBXProject;
			attributes = {
				BuildIndependentTargetsInParallel = 1;
				LastSwiftUpdateCheck = 1400;
				LastUpgradeCheck = 1400;
				TargetAttributes = {
					3159617A28F570B500F115A9 = {
						CreatedOnToolsVersion = 14.0;
						LastSwiftMigration = 1400;
					};
				};
			};
			buildConfigurationList = 3159617628F570B400F115A9 /* Build configuration list for PBXProject "Study_openCV" */;
			compatibilityVersion = "Xcode 14.0";
			developmentRegion = en;
			hasScannedForEncodings = 0;
			knownRegions = (
				en,
				Base,
			);
			mainGroup = 3159617228F570B400F115A9;
			productRefGroup = 3159617C28F570B500F115A9 /* Products */;
			projectDirPath = "";
			projectRoot = "";
			targets = (
				3159617A28F570B500F115A9 /* Study_openCV */,
			);
		};
/* End PBXProject section */

/* Begin PBXResourcesBuildPhase section */
		3159617928F570B500F115A9 /* Resources */ = {
			isa = PBXResourcesBuildPhase;
			buildActionMask = 2147483647;
			files = (
				3159618B28F570BC00F115A9 /* LaunchScreen.storyboard in Resources */,
				3159618828F570BC00F115A9 /* Assets.xcassets in Resources */,
				3159618628F570B500F115A9 /* Main.storyboard in Resources */,
			);
			runOnlyForDeploymentPostprocessing = 0;
		};
/* End PBXResourcesBuildPhase section */

/* Begin PBXShellScriptBuildPhase section */
		759F95E4AF543CBE238D7EA5 /* [CP] Check Pods Manifest.lock */ = {
			isa = PBXShellScriptBuildPhase;
			buildActionMask = 2147483647;
			files = (
			);
			inputFileListPaths = (
			);
			inputPaths = (
				"${PODS_PODFILE_DIR_PATH}/Podfile.lock",
				"${PODS_ROOT}/Manifest.lock",
			);
			name = "[CP] Check Pods Manifest.lock";
			outputFileListPaths = (
			);
			outputPaths = (
				"$(DERIVED_FILE_DIR)/Pods-Study_openCV-checkManifestLockResult.txt",
			);
			runOnlyForDeploymentPostprocessing = 0;
			shellPath = /bin/sh;
			shellScript = "diff \"${PODS_PODFILE_DIR_PATH}/Podfile.lock\" \"${PODS_ROOT}/Manifest.lock\" > /dev/null\nif [ $? != 0 ] ; then\n    # print error to STDERR\n    echo \"error: The sandbox is not in sync with the Podfile.lock. Run 'pod install' or update your CocoaPods installation.\" >&2\n    exit 1\nfi\n# This output is used by Xcode 'outputs' to avoid re-running this script phase.\necho \"SUCCESS\" > \"${SCRIPT_OUTPUT_FILE_0}\"\n";
			showEnvVarsInLog = 0;
		};
/* End PBXShellScriptBuildPhase section */

/* Begin PBXSourcesBuildPhase section */
		3159617728F570B500F115A9 /* Sources */ = {
			isa = PBXSourcesBuildPhase;
			buildActionMask = 2147483647;
			files = (
				3159618328F570B500F115A9 /* ViewController.swift in Sources */,
				313E84C628F6715500BA0C37 /* CVProcess.mm in Sources */,
				3159617F28F570B500F115A9 /* AppDelegate.swift in Sources */,
				3159618128F570B500F115A9 /* SceneDelegate.swift in Sources */,
				313E84C228F66B8300BA0C37 /* itAlpha.cpp in Sources */,
			);
			runOnlyForDeploymentPostprocessing = 0;
		};
/* End PBXSourcesBuildPhase section */

/* Begin PBXVariantGroup section */
		3159618428F570B500F115A9 /* Main.storyboard */ = {
			isa = PBXVariantGroup;
			children = (
				3159618528F570B500F115A9 /* Base */,
			);
			name = Main.storyboard;
			sourceTree = "<group>";
		};
		3159618928F570BC00F115A9 /* LaunchScreen.storyboard */ = {
			isa = PBXVariantGroup;
			children = (
				3159618A28F570BC00F115A9 /* Base */,
			);
			name = LaunchScreen.storyboard;
			sourceTree = "<group>";
		};
/* End PBXVariantGroup section */

/* Begin XCBuildConfiguration section */
		3159618D28F570BC00F115A9 /* Debug */ = {
			isa = XCBuildConfiguration;
			buildSettings = {
				ALWAYS_SEARCH_USER_PATHS = NO;
				CLANG_ANALYZER_NONNULL = YES;
				CLANG_ANALYZER_NUMBER_OBJECT_CONVERSION = YES_AGGRESSIVE;
				CLANG_CXX_LANGUAGE_STANDARD = "gnu++20";
				CLANG_ENABLE_MODULES = YES;
				CLANG_ENABLE_OBJC_ARC = YES;
				CLANG_ENABLE_OBJC_WEAK = YES;
				CLANG_WARN_BLOCK_CAPTURE_AUTORELEASING = YES;
				CLANG_WARN_BOOL_CONVERSION = YES;
				CLANG_WARN_COMMA = YES;
				CLANG_WARN_CONSTANT_CONVERSION = YES;
				CLANG_WARN_DEPRECATED_OBJC_IMPLEMENTATIONS = YES;
				CLANG_WARN_DIRECT_OBJC_ISA_USAGE = YES_ERROR;
				CLANG_WARN_DOCUMENTATION_COMMENTS = YES;
				CLANG_WARN_EMPTY_BODY = YES;
				CLANG_WARN_ENUM_CONVERSION = YES;
				CLANG_WARN_INFINITE_RECURSION = YES;
				CLANG_WARN_INT_CONVERSION = YES;
				CLANG_WARN_NON_LITERAL_NULL_CONVERSION = YES;
				CLANG_WARN_OBJC_IMPLICIT_RETAIN_SELF = YES;
				CLANG_WARN_OBJC_LITERAL_CONVERSION = YES;
				CLANG_WARN_OBJC_ROOT_CLASS = YES_ERROR;
				CLANG_WARN_QUOTED_INCLUDE_IN_FRAMEWORK_HEADER = YES;
				CLANG_WARN_RANGE_LOOP_ANALYSIS = YES;
				CLANG_WARN_STRICT_PROTOTYPES = YES;
				CLANG_WARN_SUSPICIOUS_MOVE = YES;
				CLANG_WARN_UNGUARDED_AVAILABILITY = YES_AGGRESSIVE;
				CLANG_WARN_UNREACHABLE_CODE = YES;
				CLANG_WARN__DUPLICATE_METHOD_MATCH = YES;
				COPY_PHASE_STRIP = NO;
				DEBUG_INFORMATION_FORMAT = dwarf;
				ENABLE_STRICT_OBJC_MSGSEND = YES;
				ENABLE_TESTABILITY = YES;
				GCC_C_LANGUAGE_STANDARD = gnu11;
				GCC_DYNAMIC_NO_PIC = NO;
				GCC_NO_COMMON_BLOCKS = YES;
				GCC_OPTIMIZATION_LEVEL = 0;
				GCC_PREPROCESSOR_DEFINITIONS = (
					"DEBUG=1",
					"$(inherited)",
				);
				GCC_WARN_64_TO_32_BIT_CONVERSION = YES;
				GCC_WARN_ABOUT_RETURN_TYPE = YES_ERROR;
				GCC_WARN_UNDECLARED_SELECTOR = YES;
				GCC_WARN_UNINITIALIZED_AUTOS = YES_AGGRESSIVE;
				GCC_WARN_UNUSED_FUNCTION = YES;
				GCC_WARN_UNUSED_VARIABLE = YES;
				IPHONEOS_DEPLOYMENT_TARGET = 14.7;
				MTL_ENABLE_DEBUG_INFO = INCLUDE_SOURCE;
				MTL_FAST_MATH = YES;
				ONLY_ACTIVE_ARCH = YES;
				SDKROOT = iphoneos;
				SWIFT_ACTIVE_COMPILATION_CONDITIONS = DEBUG;
				SWIFT_OPTIMIZATION_LEVEL = "-Onone";
			};
			name = Debug;
		};
		3159618E28F570BC00F115A9 /* Release */ = {
			isa = XCBuildConfiguration;
			buildSettings = {
				ALWAYS_SEARCH_USER_PATHS = NO;
				CLANG_ANALYZER_NONNULL = YES;
				CLANG_ANALYZER_NUMBER_OBJECT_CONVERSION = YES_AGGRESSIVE;
				CLANG_CXX_LANGUAGE_STANDARD = "gnu++20";
				CLANG_ENABLE_MODULES = YES;
				CLANG_ENABLE_OBJC_ARC = YES;
				CLANG_ENABLE_OBJC_WEAK = YES;
				CLANG_WARN_BLOCK_CAPTURE_AUTORELEASING = YES;
				CLANG_WARN_BOOL_CONVERSION = YES;
				CLANG_WARN_COMMA = YES;
				CLANG_WARN_CONSTANT_CONVERSION = YES;
				CLANG_WARN_DEPRECATED_OBJC_IMPLEMENTATIONS = YES;
				CLANG_WARN_DIRECT_OBJC_ISA_USAGE = YES_ERROR;
				CLANG_WARN_DOCUMENTATION_COMMENTS = YES;
				CLANG_WARN_EMPTY_BODY = YES;
				CLANG_WARN_ENUM_CONVERSION = YES;
				CLANG_WARN_INFINITE_RECURSION = YES;
				CLANG_WARN_INT_CONVERSION = YES;
				CLANG_WARN_NON_LITERAL_NULL_CONVERSION = YES;
				CLANG_WARN_OBJC_IMPLICIT_RETAIN_SELF = YES;
				CLANG_WARN_OBJC_LITERAL_CONVERSION = YES;
				CLANG_WARN_OBJC_ROOT_CLASS = YES_ERROR;
				CLANG_WARN_QUOTED_INCLUDE_IN_FRAMEWORK_HEADER = YES;
				CLANG_WARN_RANGE_LOOP_ANALYSIS = YES;
				CLANG_WARN_STRICT_PROTOTYPES = YES;
				CLANG_WARN_SUSPICIOUS_MOVE = YES;
				CLANG_WARN_UNGUARDED_AVAILABILITY = YES_AGGRESSIVE;
				CLANG_WARN_UNREACHABLE_CODE = YES;
				CLANG_WARN__DUPLICATE_METHOD_MATCH = YES;
				COPY_PHASE_STRIP = NO;
				DEBUG_INFORMATION_FORMAT = "dwarf-with-dsym";
				ENABLE_NS_ASSERTIONS = NO;
				ENABLE_STRICT_OBJC_MSGSEND = YES;
				GCC_C_LANGUAGE_STANDARD = gnu11;
				GCC_NO_COMMON_BLOCKS = YES;
				GCC_WARN_64_TO_32_BIT_CONVERSION = YES;
				GCC_WARN_ABOUT_RETURN_TYPE = YES_ERROR;
				GCC_WARN_UNDECLARED_SELECTOR = YES;
				GCC_WARN_UNINITIALIZED_AUTOS = YES_AGGRESSIVE;
				GCC_WARN_UNUSED_FUNCTION = YES;
				GCC_WARN_UNUSED_VARIABLE = YES;
				IPHONEOS_DEPLOYMENT_TARGET = 14.7;
				MTL_ENABLE_DEBUG_INFO = NO;
				MTL_FAST_MATH = YES;
				SDKROOT = iphoneos;
				SWIFT_COMPILATION_MODE = wholemodule;
				SWIFT_OPTIMIZATION_LEVEL = "-O";
				VALIDATE_PRODUCT = YES;
			};
			name = Release;
		};
		3159619028F570BC00F115A9 /* Debug */ = {
			isa = XCBuildConfiguration;
			baseConfigurationReference = AC0E7342FCB5CC1863D29AD7 /* Pods-Study_openCV.debug.xcconfig */;
			buildSettings = {
				ASSETCATALOG_COMPILER_APPICON_NAME = AppIcon;
				ASSETCATALOG_COMPILER_GLOBAL_ACCENT_COLOR_NAME = AccentColor;
				CLANG_ENABLE_MODULES = YES;
				CODE_SIGN_STYLE = Automatic;
				CURRENT_PROJECT_VERSION = 1;
				DEVELOPMENT_TEAM = ZWW68US5K2;
				GENERATE_INFOPLIST_FILE = YES;
				INFOPLIST_FILE = Study_openCV/Info.plist;
				INFOPLIST_KEY_UIApplicationSupportsIndirectInputEvents = YES;
				INFOPLIST_KEY_UILaunchStoryboardName = LaunchScreen;
				INFOPLIST_KEY_UIMainStoryboardFile = Main;
				INFOPLIST_KEY_UISupportedInterfaceOrientations_iPad = "UIInterfaceOrientationPortrait UIInterfaceOrientationPortraitUpsideDown UIInterfaceOrientationLandscapeLeft UIInterfaceOrientationLandscapeRight";
				INFOPLIST_KEY_UISupportedInterfaceOrientations_iPhone = "UIInterfaceOrientationPortrait UIInterfaceOrientationLandscapeLeft UIInterfaceOrientationLandscapeRight";
				IPHONEOS_DEPLOYMENT_TARGET = 14.7;
				LD_RUNPATH_SEARCH_PATHS = (
					"$(inherited)",
					"@executable_path/Frameworks",
				);
				MARKETING_VERSION = 1.0;
				PRODUCT_BUNDLE_IDENTIFIER = "generic.Study-openCV";
				PRODUCT_NAME = "$(TARGET_NAME)";
				SWIFT_EMIT_LOC_STRINGS = YES;
				SWIFT_OBJC_BRIDGING_HEADER = "Study_openCV/SportingFiles/Study_openCV-Bridging-Header.h";
				SWIFT_OPTIMIZATION_LEVEL = "-Onone";
				SWIFT_VERSION = 5.0;
				TARGETED_DEVICE_FAMILY = "1,2";
			};
			name = Debug;
		};
		3159619128F570BC00F115A9 /* Release */ = {
			isa = XCBuildConfiguration;
			baseConfigurationReference = E65DB5842DB79F05259A462D /* Pods-Study_openCV.release.xcconfig */;
			buildSettings = {
				ASSETCATALOG_COMPILER_APPICON_NAME = AppIcon;
				ASSETCATALOG_COMPILER_GLOBAL_ACCENT_COLOR_NAME = AccentColor;
				CLANG_ENABLE_MODULES = YES;
				CODE_SIGN_STYLE = Automatic;
				CURRENT_PROJECT_VERSION = 1;
				DEVELOPMENT_TEAM = ZWW68US5K2;
				GENERATE_INFOPLIST_FILE = YES;
				INFOPLIST_FILE = Study_openCV/Info.plist;
				INFOPLIST_KEY_UIApplicationSupportsIndirectInputEvents = YES;
				INFOPLIST_KEY_UILaunchStoryboardName = LaunchScreen;
				INFOPLIST_KEY_UIMainStoryboardFile = Main;
				INFOPLIST_KEY_UISupportedInterfaceOrientations_iPad = "UIInterfaceOrientationPortrait UIInterfaceOrientationPortraitUpsideDown UIInterfaceOrientationLandscapeLeft UIInterfaceOrientationLandscapeRight";
				INFOPLIST_KEY_UISupportedInterfaceOrientations_iPhone = "UIInterfaceOrientationPortrait UIInterfaceOrientationLandscapeLeft UIInterfaceOrientationLandscapeRight";
				IPHONEOS_DEPLOYMENT_TARGET = 14.7;
				LD_RUNPATH_SEARCH_PATHS = (
					"$(inherited)",
					"@executable_path/Frameworks",
				);
				MARKETING_VERSION = 1.0;
				PRODUCT_BUNDLE_IDENTIFIER = "generic.Study-openCV";
				PRODUCT_NAME = "$(TARGET_NAME)";
				SWIFT_EMIT_LOC_STRINGS = YES;
				SWIFT_OBJC_BRIDGING_HEADER = "Study_openCV/SportingFiles/Study_openCV-Bridging-Header.h";
				SWIFT_VERSION = 5.0;
				TARGETED_DEVICE_FAMILY = "1,2";
			};
			name = Release;
		};
/* End XCBuildConfiguration section */

/* Begin XCConfigurationList section */
		3159617628F570B400F115A9 /* Build configuration list for PBXProject "Study_openCV" */ = {
			isa = XCConfigurationList;
			buildConfigurations = (
				3159618D28F570BC00F115A9 /* Debug */,
				3159618E28F570BC00F115A9 /* Release */,
			);
			defaultConfigurationIsVisible = 0;
			defaultConfigurationName = Release;
		};
		3159618F28F570BC00F115A9 /* Build configuration list for PBXNativeTarget "Study_openCV" */ = {
			isa = XCConfigurationList;
			buildConfigurations = (
				3159619028F570BC00F115A9 /* Debug */,
				3159619128F570BC00F115A9 /* Release */,
			);
			defaultConfigurationIsVisible = 0;
			defaultConfigurationName = Release;
		};
/* End XCConfigurationList section */
	};
	rootObject = 3159617328F570B400F115A9 /* Project object */;
}
